// !$*UTF8*$!
{
	archiveVersion = 1;
	classes = {
	};
	objectVersion = 56;
	objects = {

/* Begin PBXBuildFile section */
		F596982D2BEF6AB4000A1B19 /* AppDelegate.swift in Sources */ = {isa = PBXBuildFile; fileRef = F596982C2BEF6AB4000A1B19 /* AppDelegate.swift */; };
		F596982F2BEF6AB4000A1B19 /* SceneDelegate.swift in Sources */ = {isa = PBXBuildFile; fileRef = F596982E2BEF6AB4000A1B19 /* SceneDelegate.swift */; };
		F59698362BEF6AB6000A1B19 /* Assets.xcassets in Resources */ = {isa = PBXBuildFile; fileRef = F59698352BEF6AB6000A1B19 /* Assets.xcassets */; };
		F59698392BEF6AB6000A1B19 /* Base in Resources */ = {isa = PBXBuildFile; fileRef = F59698382BEF6AB6000A1B19 /* Base */; };
		F596984E2BEF6D34000A1B19 /* UIHelper.swift in Sources */ = {isa = PBXBuildFile; fileRef = F596984D2BEF6D34000A1B19 /* UIHelper.swift */; };
		F59698502BEF6D3F000A1B19 /* Constants.swift in Sources */ = {isa = PBXBuildFile; fileRef = F596984F2BEF6D3F000A1B19 /* Constants.swift */; };
		F59698522BEF6D57000A1B19 /* ANError.swift in Sources */ = {isa = PBXBuildFile; fileRef = F59698512BEF6D57000A1B19 /* ANError.swift */; };
		F59698552BEF6D7F000A1B19 /* NetworkManager.swift in Sources */ = {isa = PBXBuildFile; fileRef = F59698542BEF6D7F000A1B19 /* NetworkManager.swift */; };
		F59698572BEF6D8B000A1B19 /* PersistanceManager.swift in Sources */ = {isa = PBXBuildFile; fileRef = F59698562BEF6D8B000A1B19 /* PersistanceManager.swift */; };
		F59698592BEF7114000A1B19 /* ANTabbarController.swift in Sources */ = {isa = PBXBuildFile; fileRef = F59698582BEF7114000A1B19 /* ANTabbarController.swift */; };
		F596985B2BEF7193000A1B19 /* HomeScreen.swift in Sources */ = {isa = PBXBuildFile; fileRef = F596985A2BEF7193000A1B19 /* HomeScreen.swift */; };
		F596985D2BEF71A4000A1B19 /* FavoriteScreen.swift in Sources */ = {isa = PBXBuildFile; fileRef = F596985C2BEF71A4000A1B19 /* FavoriteScreen.swift */; };
		F596985F2BEF75D5000A1B19 /* News.swift in Sources */ = {isa = PBXBuildFile; fileRef = F596985E2BEF75D5000A1B19 /* News.swift */; };
		F59698612BEF7801000A1B19 /* ANApiUrls.swift in Sources */ = {isa = PBXBuildFile; fileRef = F59698602BEF7801000A1B19 /* ANApiUrls.swift */; };
		F59698632BEF857F000A1B19 /* ANTitleLabel.swift in Sources */ = {isa = PBXBuildFile; fileRef = F59698622BEF857F000A1B19 /* ANTitleLabel.swift */; };
		F59698672BEF86BF000A1B19 /* ANBodyLabel.swift in Sources */ = {isa = PBXBuildFile; fileRef = F59698662BEF86BF000A1B19 /* ANBodyLabel.swift */; };
		F59698692BEF876E000A1B19 /* ANImageView.swift in Sources */ = {isa = PBXBuildFile; fileRef = F59698682BEF876E000A1B19 /* ANImageView.swift */; };
		F596986B2BEF8BFE000A1B19 /* ANTableViewCell.swift in Sources */ = {isa = PBXBuildFile; fileRef = F596986A2BEF8BFE000A1B19 /* ANTableViewCell.swift */; };
		F596986D2BEF9251000A1B19 /* HomeScreenViewModel.swift in Sources */ = {isa = PBXBuildFile; fileRef = F596986C2BEF9251000A1B19 /* HomeScreenViewModel.swift */; };
		F59698712BEFCFA0000A1B19 /* UIViewController+Ext.swift in Sources */ = {isa = PBXBuildFile; fileRef = F59698702BEFCFA0000A1B19 /* UIViewController+Ext.swift */; };
		F59698732BEFD4D0000A1B19 /* ANEmtyStateView.swift in Sources */ = {isa = PBXBuildFile; fileRef = F59698722BEFD4D0000A1B19 /* ANEmtyStateView.swift */; };
		F59698752BEFD878000A1B19 /* CGFloat+Ext.swift in Sources */ = {isa = PBXBuildFile; fileRef = F59698742BEFD878000A1B19 /* CGFloat+Ext.swift */; };
		F59698792BEFE4B9000A1B19 /* DetailScreenViewModel.swift in Sources */ = {isa = PBXBuildFile; fileRef = F59698782BEFE4B9000A1B19 /* DetailScreenViewModel.swift */; };
		F596987B2BEFE514000A1B19 /* DetailScreen.swift in Sources */ = {isa = PBXBuildFile; fileRef = F596987A2BEFE514000A1B19 /* DetailScreen.swift */; };
		F596987D2BEFEE2B000A1B19 /* ANItemInfoView.swift in Sources */ = {isa = PBXBuildFile; fileRef = F596987C2BEFEE2B000A1B19 /* ANItemInfoView.swift */; };
		F596987F2BF00621000A1B19 /* Date+Ext.swift in Sources */ = {isa = PBXBuildFile; fileRef = F596987E2BF00621000A1B19 /* Date+Ext.swift */; };
		F59698812BF0062C000A1B19 /* String+Ext.swift in Sources */ = {isa = PBXBuildFile; fileRef = F59698802BF0062C000A1B19 /* String+Ext.swift */; };
		F59698842BF011EA000A1B19 /* ANButton.swift in Sources */ = {isa = PBXBuildFile; fileRef = F59698832BF011EA000A1B19 /* ANButton.swift */; };
		F59814CE2BF07FD5008D90F9 /* FavoriteScreenViewModel.swift in Sources */ = {isa = PBXBuildFile; fileRef = F59814CD2BF07FD5008D90F9 /* FavoriteScreenViewModel.swift */; };
		F59814D22BF08E0D008D90F9 /* Favorite.swift in Sources */ = {isa = PBXBuildFile; fileRef = F59814D12BF08E0D008D90F9 /* Favorite.swift */; };
/* End PBXBuildFile section */

/* Begin PBXFileReference section */
		F59698292BEF6AB4000A1B19 /* AppcentNewsApp.app */ = {isa = PBXFileReference; explicitFileType = wrapper.application; includeInIndex = 0; path = AppcentNewsApp.app; sourceTree = BUILT_PRODUCTS_DIR; };
		F596982C2BEF6AB4000A1B19 /* AppDelegate.swift */ = {isa = PBXFileReference; lastKnownFileType = sourcecode.swift; path = AppDelegate.swift; sourceTree = "<group>"; };
		F596982E2BEF6AB4000A1B19 /* SceneDelegate.swift */ = {isa = PBXFileReference; lastKnownFileType = sourcecode.swift; path = SceneDelegate.swift; sourceTree = "<group>"; };
		F59698352BEF6AB6000A1B19 /* Assets.xcassets */ = {isa = PBXFileReference; lastKnownFileType = folder.assetcatalog; path = Assets.xcassets; sourceTree = "<group>"; };
		F59698382BEF6AB6000A1B19 /* Base */ = {isa = PBXFileReference; lastKnownFileType = file.storyboard; name = Base; path = Base.lproj/LaunchScreen.storyboard; sourceTree = "<group>"; };
		F596983A2BEF6AB6000A1B19 /* Info.plist */ = {isa = PBXFileReference; lastKnownFileType = text.plist.xml; path = Info.plist; sourceTree = "<group>"; };
		F596984D2BEF6D34000A1B19 /* UIHelper.swift */ = {isa = PBXFileReference; lastKnownFileType = sourcecode.swift; path = UIHelper.swift; sourceTree = "<group>"; };
		F596984F2BEF6D3F000A1B19 /* Constants.swift */ = {isa = PBXFileReference; lastKnownFileType = sourcecode.swift; path = Constants.swift; sourceTree = "<group>"; };
		F59698512BEF6D57000A1B19 /* ANError.swift */ = {isa = PBXFileReference; lastKnownFileType = sourcecode.swift; path = ANError.swift; sourceTree = "<group>"; };
		F59698542BEF6D7F000A1B19 /* NetworkManager.swift */ = {isa = PBXFileReference; lastKnownFileType = sourcecode.swift; path = NetworkManager.swift; sourceTree = "<group>"; };
		F59698562BEF6D8B000A1B19 /* PersistanceManager.swift */ = {isa = PBXFileReference; lastKnownFileType = sourcecode.swift; path = PersistanceManager.swift; sourceTree = "<group>"; };
		F59698582BEF7114000A1B19 /* ANTabbarController.swift */ = {isa = PBXFileReference; lastKnownFileType = sourcecode.swift; path = ANTabbarController.swift; sourceTree = "<group>"; };
		F596985A2BEF7193000A1B19 /* HomeScreen.swift */ = {isa = PBXFileReference; lastKnownFileType = sourcecode.swift; path = HomeScreen.swift; sourceTree = "<group>"; };
		F596985C2BEF71A4000A1B19 /* FavoriteScreen.swift */ = {isa = PBXFileReference; lastKnownFileType = sourcecode.swift; path = FavoriteScreen.swift; sourceTree = "<group>"; };
		F596985E2BEF75D5000A1B19 /* News.swift */ = {isa = PBXFileReference; lastKnownFileType = sourcecode.swift; path = News.swift; sourceTree = "<group>"; };
		F59698602BEF7801000A1B19 /* ANApiUrls.swift */ = {isa = PBXFileReference; lastKnownFileType = sourcecode.swift; path = ANApiUrls.swift; sourceTree = "<group>"; };
		F59698622BEF857F000A1B19 /* ANTitleLabel.swift */ = {isa = PBXFileReference; lastKnownFileType = sourcecode.swift; name = ANTitleLabel.swift; path = ../../../../../ANTitleLabel.swift; sourceTree = "<group>"; };
		F59698662BEF86BF000A1B19 /* ANBodyLabel.swift */ = {isa = PBXFileReference; lastKnownFileType = sourcecode.swift; path = ANBodyLabel.swift; sourceTree = "<group>"; };
		F59698682BEF876E000A1B19 /* ANImageView.swift */ = {isa = PBXFileReference; lastKnownFileType = sourcecode.swift; path = ANImageView.swift; sourceTree = "<group>"; };
		F596986A2BEF8BFE000A1B19 /* ANTableViewCell.swift */ = {isa = PBXFileReference; lastKnownFileType = sourcecode.swift; path = ANTableViewCell.swift; sourceTree = "<group>"; };
		F596986C2BEF9251000A1B19 /* HomeScreenViewModel.swift */ = {isa = PBXFileReference; lastKnownFileType = sourcecode.swift; path = HomeScreenViewModel.swift; sourceTree = "<group>"; };
		F59698702BEFCFA0000A1B19 /* UIViewController+Ext.swift */ = {isa = PBXFileReference; lastKnownFileType = sourcecode.swift; path = "UIViewController+Ext.swift"; sourceTree = "<group>"; };
		F59698722BEFD4D0000A1B19 /* ANEmtyStateView.swift */ = {isa = PBXFileReference; lastKnownFileType = sourcecode.swift; path = ANEmtyStateView.swift; sourceTree = "<group>"; };
		F59698742BEFD878000A1B19 /* CGFloat+Ext.swift */ = {isa = PBXFileReference; lastKnownFileType = sourcecode.swift; path = "CGFloat+Ext.swift"; sourceTree = "<group>"; };
		F59698782BEFE4B9000A1B19 /* DetailScreenViewModel.swift */ = {isa = PBXFileReference; lastKnownFileType = sourcecode.swift; path = DetailScreenViewModel.swift; sourceTree = "<group>"; };
		F596987A2BEFE514000A1B19 /* DetailScreen.swift */ = {isa = PBXFileReference; lastKnownFileType = sourcecode.swift; path = DetailScreen.swift; sourceTree = "<group>"; };
		F596987C2BEFEE2B000A1B19 /* ANItemInfoView.swift */ = {isa = PBXFileReference; lastKnownFileType = sourcecode.swift; path = ANItemInfoView.swift; sourceTree = "<group>"; };
		F596987E2BF00621000A1B19 /* Date+Ext.swift */ = {isa = PBXFileReference; lastKnownFileType = sourcecode.swift; path = "Date+Ext.swift"; sourceTree = "<group>"; };
		F59698802BF0062C000A1B19 /* String+Ext.swift */ = {isa = PBXFileReference; lastKnownFileType = sourcecode.swift; path = "String+Ext.swift"; sourceTree = "<group>"; };
		F59698832BF011EA000A1B19 /* ANButton.swift */ = {isa = PBXFileReference; lastKnownFileType = sourcecode.swift; path = ANButton.swift; sourceTree = "<group>"; };
		F59814CD2BF07FD5008D90F9 /* FavoriteScreenViewModel.swift */ = {isa = PBXFileReference; lastKnownFileType = sourcecode.swift; path = FavoriteScreenViewModel.swift; sourceTree = "<group>"; };
		F59814D12BF08E0D008D90F9 /* Favorite.swift */ = {isa = PBXFileReference; lastKnownFileType = sourcecode.swift; path = Favorite.swift; sourceTree = "<group>"; };
/* End PBXFileReference section */

/* Begin PBXFrameworksBuildPhase section */
		F59698262BEF6AB4000A1B19 /* Frameworks */ = {
			isa = PBXFrameworksBuildPhase;
			buildActionMask = 2147483647;
			files = (
			);
			runOnlyForDeploymentPostprocessing = 0;
		};
/* End PBXFrameworksBuildPhase section */

/* Begin PBXGroup section */
		F59698202BEF6AB4000A1B19 = {
			isa = PBXGroup;
			children = (
				F596982B2BEF6AB4000A1B19 /* AppcentNewsApp */,
				F596982A2BEF6AB4000A1B19 /* Products */,
			);
			sourceTree = "<group>";
		};
		F596982A2BEF6AB4000A1B19 /* Products */ = {
			isa = PBXGroup;
			children = (
				F59698292BEF6AB4000A1B19 /* AppcentNewsApp.app */,
			);
			name = Products;
			sourceTree = "<group>";
		};
		F596982B2BEF6AB4000A1B19 /* AppcentNewsApp */ = {
			isa = PBXGroup;
			children = (
				F596983A2BEF6AB6000A1B19 /* Info.plist */,
				F59698532BEF6D6D000A1B19 /* Managers */,
				F596984C2BEF6CAF000A1B19 /* Utilities */,
				F596984A2BEF6C7A000A1B19 /* Extensions */,
				F59698412BEF6BCC000A1B19 /* Core */,
				F596984B2BEF6C8B000A1B19 /* Models */,
				F59698402BEF6B61000A1B19 /* Support */,
			);
			path = AppcentNewsApp;
			sourceTree = "<group>";
		};
		F59698402BEF6B61000A1B19 /* Support */ = {
			isa = PBXGroup;
			children = (
				F596982C2BEF6AB4000A1B19 /* AppDelegate.swift */,
				F59698352BEF6AB6000A1B19 /* Assets.xcassets */,
				F596982E2BEF6AB4000A1B19 /* SceneDelegate.swift */,
				F59698372BEF6AB6000A1B19 /* LaunchScreen.storyboard */,
			);
			path = Support;
			sourceTree = "<group>";
		};
		F59698412BEF6BCC000A1B19 /* Core */ = {
			isa = PBXGroup;
			children = (
				F59698442BEF6BF2000A1B19 /* Components */,
				F59698432BEF6BEA000A1B19 /* FavoriteScreen */,
				F59698762BEFE492000A1B19 /* DetailScreen */,
				F59698422BEF6BDE000A1B19 /* HomeScreen */,
			);
			path = Core;
			sourceTree = "<group>";
		};
		F59698422BEF6BDE000A1B19 /* HomeScreen */ = {
			isa = PBXGroup;
			children = (
				F596985A2BEF7193000A1B19 /* HomeScreen.swift */,
				F596986C2BEF9251000A1B19 /* HomeScreenViewModel.swift */,
			);
			path = HomeScreen;
			sourceTree = "<group>";
		};
		F59698432BEF6BEA000A1B19 /* FavoriteScreen */ = {
			isa = PBXGroup;
			children = (
				F596985C2BEF71A4000A1B19 /* FavoriteScreen.swift */,
				F59814CD2BF07FD5008D90F9 /* FavoriteScreenViewModel.swift */,
			);
			path = FavoriteScreen;
			sourceTree = "<group>";
		};
		F59698442BEF6BF2000A1B19 /* Components */ = {
			isa = PBXGroup;
			children = (
				F596986F2BEFC8B9000A1B19 /* ViewControllers */,
				F596986E2BEFC898000A1B19 /* Views */,
				F59698492BEF6C41000A1B19 /* TabBarController */,
				F59698482BEF6C29000A1B19 /* ImageViews */,
				F59698472BEF6C23000A1B19 /* Cells */,
				F59698462BEF6C1D000A1B19 /* Labels */,
				F59698452BEF6C0A000A1B19 /* Buttons */,
			);
			path = Components;
			sourceTree = "<group>";
		};
		F59698452BEF6C0A000A1B19 /* Buttons */ = {
			isa = PBXGroup;
			children = (
				F59698832BF011EA000A1B19 /* ANButton.swift */,
			);
			path = Buttons;
			sourceTree = "<group>";
		};
		F59698462BEF6C1D000A1B19 /* Labels */ = {
			isa = PBXGroup;
			children = (
				F59698622BEF857F000A1B19 /* ANTitleLabel.swift */,
				F59698662BEF86BF000A1B19 /* ANBodyLabel.swift */,
			);
			path = Labels;
			sourceTree = "<group>";
		};
		F59698472BEF6C23000A1B19 /* Cells */ = {
			isa = PBXGroup;
			children = (
				F596986A2BEF8BFE000A1B19 /* ANTableViewCell.swift */,
			);
			path = Cells;
			sourceTree = "<group>";
		};
		F59698482BEF6C29000A1B19 /* ImageViews */ = {
			isa = PBXGroup;
			children = (
				F59698682BEF876E000A1B19 /* ANImageView.swift */,
			);
			path = ImageViews;
			sourceTree = "<group>";
		};
		F59698492BEF6C41000A1B19 /* TabBarController */ = {
			isa = PBXGroup;
			children = (
				F59698582BEF7114000A1B19 /* ANTabbarController.swift */,
			);
			path = TabBarController;
			sourceTree = "<group>";
		};
		F596984A2BEF6C7A000A1B19 /* Extensions */ = {
			isa = PBXGroup;
			children = (
				F59698702BEFCFA0000A1B19 /* UIViewController+Ext.swift */,
				F59698742BEFD878000A1B19 /* CGFloat+Ext.swift */,
				F596987E2BF00621000A1B19 /* Date+Ext.swift */,
				F59698802BF0062C000A1B19 /* String+Ext.swift */,
			);
			path = Extensions;
			sourceTree = "<group>";
		};
		F596984B2BEF6C8B000A1B19 /* Models */ = {
			isa = PBXGroup;
			children = (
				F596985E2BEF75D5000A1B19 /* News.swift */,
				F59814D12BF08E0D008D90F9 /* Favorite.swift */,
			);
			path = Models;
			sourceTree = "<group>";
		};
		F596984C2BEF6CAF000A1B19 /* Utilities */ = {
			isa = PBXGroup;
			children = (
				F596984D2BEF6D34000A1B19 /* UIHelper.swift */,
				F596984F2BEF6D3F000A1B19 /* Constants.swift */,
				F59698512BEF6D57000A1B19 /* ANError.swift */,
				F59698602BEF7801000A1B19 /* ANApiUrls.swift */,
			);
			path = Utilities;
			sourceTree = "<group>";
		};
		F59698532BEF6D6D000A1B19 /* Managers */ = {
			isa = PBXGroup;
			children = (
				F59698542BEF6D7F000A1B19 /* NetworkManager.swift */,
				F59698562BEF6D8B000A1B19 /* PersistanceManager.swift */,
			);
			path = Managers;
			sourceTree = "<group>";
		};
		F596986E2BEFC898000A1B19 /* Views */ = {
			isa = PBXGroup;
			children = (
				F59698722BEFD4D0000A1B19 /* ANEmtyStateView.swift */,
				F596987C2BEFEE2B000A1B19 /* ANItemInfoView.swift */,
			);
			path = Views;
			sourceTree = "<group>";
		};
		F596986F2BEFC8B9000A1B19 /* ViewControllers */ = {
			isa = PBXGroup;
			children = (
			);
			path = ViewControllers;
			sourceTree = "<group>";
		};
		F59698762BEFE492000A1B19 /* DetailScreen */ = {
			isa = PBXGroup;
			children = (
				F59698782BEFE4B9000A1B19 /* DetailScreenViewModel.swift */,
				F596987A2BEFE514000A1B19 /* DetailScreen.swift */,
			);
			path = DetailScreen;
			sourceTree = "<group>";
		};
/* End PBXGroup section */

/* Begin PBXNativeTarget section */
		F59698282BEF6AB4000A1B19 /* AppcentNewsApp */ = {
			isa = PBXNativeTarget;
			buildConfigurationList = F596983D2BEF6AB6000A1B19 /* Build configuration list for PBXNativeTarget "AppcentNewsApp" */;
			buildPhases = (
				F59698252BEF6AB4000A1B19 /* Sources */,
				F59698262BEF6AB4000A1B19 /* Frameworks */,
				F59698272BEF6AB4000A1B19 /* Resources */,
			);
			buildRules = (
			);
			dependencies = (
			);
			name = AppcentNewsApp;
			productName = AppcentNewsApp;
			productReference = F59698292BEF6AB4000A1B19 /* AppcentNewsApp.app */;
			productType = "com.apple.product-type.application";
		};
/* End PBXNativeTarget section */

/* Begin PBXProject section */
		F59698212BEF6AB4000A1B19 /* Project object */ = {
			isa = PBXProject;
			attributes = {
				BuildIndependentTargetsInParallel = 1;
				LastSwiftUpdateCheck = 1530;
				LastUpgradeCheck = 1530;
				TargetAttributes = {
					F59698282BEF6AB4000A1B19 = {
						CreatedOnToolsVersion = 15.3;
					};
				};
			};
			buildConfigurationList = F59698242BEF6AB4000A1B19 /* Build configuration list for PBXProject "AppcentNewsApp" */;
			compatibilityVersion = "Xcode 14.0";
			developmentRegion = en;
			hasScannedForEncodings = 0;
			knownRegions = (
				en,
				Base,
			);
			mainGroup = F59698202BEF6AB4000A1B19;
			productRefGroup = F596982A2BEF6AB4000A1B19 /* Products */;
			projectDirPath = "";
			projectRoot = "";
			targets = (
				F59698282BEF6AB4000A1B19 /* AppcentNewsApp */,
			);
		};
/* End PBXProject section */

/* Begin PBXResourcesBuildPhase section */
		F59698272BEF6AB4000A1B19 /* Resources */ = {
			isa = PBXResourcesBuildPhase;
			buildActionMask = 2147483647;
			files = (
				F59698362BEF6AB6000A1B19 /* Assets.xcassets in Resources */,
				F59698392BEF6AB6000A1B19 /* Base in Resources */,
			);
			runOnlyForDeploymentPostprocessing = 0;
		};
/* End PBXResourcesBuildPhase section */

/* Begin PBXSourcesBuildPhase section */
		F59698252BEF6AB4000A1B19 /* Sources */ = {
			isa = PBXSourcesBuildPhase;
			buildActionMask = 2147483647;
			files = (
				F59698632BEF857F000A1B19 /* ANTitleLabel.swift in Sources */,
				F59814CE2BF07FD5008D90F9 /* FavoriteScreenViewModel.swift in Sources */,
				F59698732BEFD4D0000A1B19 /* ANEmtyStateView.swift in Sources */,
				F59698552BEF6D7F000A1B19 /* NetworkManager.swift in Sources */,
				F596987F2BF00621000A1B19 /* Date+Ext.swift in Sources */,
				F596986D2BEF9251000A1B19 /* HomeScreenViewModel.swift in Sources */,
				F596986B2BEF8BFE000A1B19 /* ANTableViewCell.swift in Sources */,
				F59814D22BF08E0D008D90F9 /* Favorite.swift in Sources */,
				F59698792BEFE4B9000A1B19 /* DetailScreenViewModel.swift in Sources */,
				F596982D2BEF6AB4000A1B19 /* AppDelegate.swift in Sources */,
				F59698592BEF7114000A1B19 /* ANTabbarController.swift in Sources */,
				F596982F2BEF6AB4000A1B19 /* SceneDelegate.swift in Sources */,
				F59698752BEFD878000A1B19 /* CGFloat+Ext.swift in Sources */,
				F59698612BEF7801000A1B19 /* ANApiUrls.swift in Sources */,
				F596987B2BEFE514000A1B19 /* DetailScreen.swift in Sources */,
				F59698712BEFCFA0000A1B19 /* UIViewController+Ext.swift in Sources */,
				F596987D2BEFEE2B000A1B19 /* ANItemInfoView.swift in Sources */,
				F596985D2BEF71A4000A1B19 /* FavoriteScreen.swift in Sources */,
				F596985B2BEF7193000A1B19 /* HomeScreen.swift in Sources */,
				F596985F2BEF75D5000A1B19 /* News.swift in Sources */,
				F59698812BF0062C000A1B19 /* String+Ext.swift in Sources */,
				F596984E2BEF6D34000A1B19 /* UIHelper.swift in Sources */,
				F59698502BEF6D3F000A1B19 /* Constants.swift in Sources */,
				F59698692BEF876E000A1B19 /* ANImageView.swift in Sources */,
				F59698842BF011EA000A1B19 /* ANButton.swift in Sources */,
				F59698522BEF6D57000A1B19 /* ANError.swift in Sources */,
				F59698572BEF6D8B000A1B19 /* PersistanceManager.swift in Sources */,
				F59698672BEF86BF000A1B19 /* ANBodyLabel.swift in Sources */,
			);
			runOnlyForDeploymentPostprocessing = 0;
		};
/* End PBXSourcesBuildPhase section */

/* Begin PBXVariantGroup section */
		F59698372BEF6AB6000A1B19 /* LaunchScreen.storyboard */ = {
			isa = PBXVariantGroup;
			children = (
				F59698382BEF6AB6000A1B19 /* Base */,
			);
			name = LaunchScreen.storyboard;
			sourceTree = "<group>";
		};
/* End PBXVariantGroup section */

/* Begin XCBuildConfiguration section */
		F596983B2BEF6AB6000A1B19 /* Debug */ = {
			isa = XCBuildConfiguration;
			buildSettings = {
				ALWAYS_SEARCH_USER_PATHS = NO;
				ASSETCATALOG_COMPILER_GENERATE_SWIFT_ASSET_SYMBOL_EXTENSIONS = YES;
				CLANG_ANALYZER_NONNULL = YES;
				CLANG_ANALYZER_NUMBER_OBJECT_CONVERSION = YES_AGGRESSIVE;
				CLANG_CXX_LANGUAGE_STANDARD = "gnu++20";
				CLANG_ENABLE_MODULES = YES;
				CLANG_ENABLE_OBJC_ARC = YES;
				CLANG_ENABLE_OBJC_WEAK = YES;
				CLANG_WARN_BLOCK_CAPTURE_AUTORELEASING = YES;
				CLANG_WARN_BOOL_CONVERSION = YES;
				CLANG_WARN_COMMA = YES;
				CLANG_WARN_CONSTANT_CONVERSION = YES;
				CLANG_WARN_DEPRECATED_OBJC_IMPLEMENTATIONS = YES;
				CLANG_WARN_DIRECT_OBJC_ISA_USAGE = YES_ERROR;
				CLANG_WARN_DOCUMENTATION_COMMENTS = YES;
				CLANG_WARN_EMPTY_BODY = YES;
				CLANG_WARN_ENUM_CONVERSION = YES;
				CLANG_WARN_INFINITE_RECURSION = YES;
				CLANG_WARN_INT_CONVERSION = YES;
				CLANG_WARN_NON_LITERAL_NULL_CONVERSION = YES;
				CLANG_WARN_OBJC_IMPLICIT_RETAIN_SELF = YES;
				CLANG_WARN_OBJC_LITERAL_CONVERSION = YES;
				CLANG_WARN_OBJC_ROOT_CLASS = YES_ERROR;
				CLANG_WARN_QUOTED_INCLUDE_IN_FRAMEWORK_HEADER = YES;
				CLANG_WARN_RANGE_LOOP_ANALYSIS = YES;
				CLANG_WARN_STRICT_PROTOTYPES = YES;
				CLANG_WARN_SUSPICIOUS_MOVE = YES;
				CLANG_WARN_UNGUARDED_AVAILABILITY = YES_AGGRESSIVE;
				CLANG_WARN_UNREACHABLE_CODE = YES;
				CLANG_WARN__DUPLICATE_METHOD_MATCH = YES;
				COPY_PHASE_STRIP = NO;
				DEBUG_INFORMATION_FORMAT = dwarf;
				ENABLE_STRICT_OBJC_MSGSEND = YES;
				ENABLE_TESTABILITY = YES;
				ENABLE_USER_SCRIPT_SANDBOXING = YES;
				GCC_C_LANGUAGE_STANDARD = gnu17;
				GCC_DYNAMIC_NO_PIC = NO;
				GCC_NO_COMMON_BLOCKS = YES;
				GCC_OPTIMIZATION_LEVEL = 0;
				GCC_PREPROCESSOR_DEFINITIONS = (
					"DEBUG=1",
					"$(inherited)",
				);
				GCC_WARN_64_TO_32_BIT_CONVERSION = YES;
				GCC_WARN_ABOUT_RETURN_TYPE = YES_ERROR;
				GCC_WARN_UNDECLARED_SELECTOR = YES;
				GCC_WARN_UNINITIALIZED_AUTOS = YES_AGGRESSIVE;
				GCC_WARN_UNUSED_FUNCTION = YES;
				GCC_WARN_UNUSED_VARIABLE = YES;
				IPHONEOS_DEPLOYMENT_TARGET = 17.4;
				LOCALIZATION_PREFERS_STRING_CATALOGS = YES;
				MTL_ENABLE_DEBUG_INFO = INCLUDE_SOURCE;
				MTL_FAST_MATH = YES;
				ONLY_ACTIVE_ARCH = YES;
				SDKROOT = iphoneos;
				SWIFT_ACTIVE_COMPILATION_CONDITIONS = "DEBUG $(inherited)";
				SWIFT_OPTIMIZATION_LEVEL = "-Onone";
			};
			name = Debug;
		};
		F596983C2BEF6AB6000A1B19 /* Release */ = {
			isa = XCBuildConfiguration;
			buildSettings = {
				ALWAYS_SEARCH_USER_PATHS = NO;
				ASSETCATALOG_COMPILER_GENERATE_SWIFT_ASSET_SYMBOL_EXTENSIONS = YES;
				CLANG_ANALYZER_NONNULL = YES;
				CLANG_ANALYZER_NUMBER_OBJECT_CONVERSION = YES_AGGRESSIVE;
				CLANG_CXX_LANGUAGE_STANDARD = "gnu++20";
				CLANG_ENABLE_MODULES = YES;
				CLANG_ENABLE_OBJC_ARC = YES;
				CLANG_ENABLE_OBJC_WEAK = YES;
				CLANG_WARN_BLOCK_CAPTURE_AUTORELEASING = YES;
				CLANG_WARN_BOOL_CONVERSION = YES;
				CLANG_WARN_COMMA = YES;
				CLANG_WARN_CONSTANT_CONVERSION = YES;
				CLANG_WARN_DEPRECATED_OBJC_IMPLEMENTATIONS = YES;
				CLANG_WARN_DIRECT_OBJC_ISA_USAGE = YES_ERROR;
				CLANG_WARN_DOCUMENTATION_COMMENTS = YES;
				CLANG_WARN_EMPTY_BODY = YES;
				CLANG_WARN_ENUM_CONVERSION = YES;
				CLANG_WARN_INFINITE_RECURSION = YES;
				CLANG_WARN_INT_CONVERSION = YES;
				CLANG_WARN_NON_LITERAL_NULL_CONVERSION = YES;
				CLANG_WARN_OBJC_IMPLICIT_RETAIN_SELF = YES;
				CLANG_WARN_OBJC_LITERAL_CONVERSION = YES;
				CLANG_WARN_OBJC_ROOT_CLASS = YES_ERROR;
				CLANG_WARN_QUOTED_INCLUDE_IN_FRAMEWORK_HEADER = YES;
				CLANG_WARN_RANGE_LOOP_ANALYSIS = YES;
				CLANG_WARN_STRICT_PROTOTYPES = YES;
				CLANG_WARN_SUSPICIOUS_MOVE = YES;
				CLANG_WARN_UNGUARDED_AVAILABILITY = YES_AGGRESSIVE;
				CLANG_WARN_UNREACHABLE_CODE = YES;
				CLANG_WARN__DUPLICATE_METHOD_MATCH = YES;
				COPY_PHASE_STRIP = NO;
				DEBUG_INFORMATION_FORMAT = "dwarf-with-dsym";
				ENABLE_NS_ASSERTIONS = NO;
				ENABLE_STRICT_OBJC_MSGSEND = YES;
				ENABLE_USER_SCRIPT_SANDBOXING = YES;
				GCC_C_LANGUAGE_STANDARD = gnu17;
				GCC_NO_COMMON_BLOCKS = YES;
				GCC_WARN_64_TO_32_BIT_CONVERSION = YES;
				GCC_WARN_ABOUT_RETURN_TYPE = YES_ERROR;
				GCC_WARN_UNDECLARED_SELECTOR = YES;
				GCC_WARN_UNINITIALIZED_AUTOS = YES_AGGRESSIVE;
				GCC_WARN_UNUSED_FUNCTION = YES;
				GCC_WARN_UNUSED_VARIABLE = YES;
				IPHONEOS_DEPLOYMENT_TARGET = 17.4;
				LOCALIZATION_PREFERS_STRING_CATALOGS = YES;
				MTL_ENABLE_DEBUG_INFO = NO;
				MTL_FAST_MATH = YES;
				SDKROOT = iphoneos;
				SWIFT_COMPILATION_MODE = wholemodule;
				VALIDATE_PRODUCT = YES;
			};
			name = Release;
		};
		F596983E2BEF6AB6000A1B19 /* Debug */ = {
			isa = XCBuildConfiguration;
			buildSettings = {
				ASSETCATALOG_COMPILER_APPICON_NAME = AppIcon;
				ASSETCATALOG_COMPILER_GLOBAL_ACCENT_COLOR_NAME = AccentColor;
				CODE_SIGN_STYLE = Automatic;
				CURRENT_PROJECT_VERSION = 1;
				DEVELOPMENT_TEAM = T89868475G;
				GENERATE_INFOPLIST_FILE = YES;
				INFOPLIST_FILE = AppcentNewsApp/Info.plist;
				INFOPLIST_KEY_UIApplicationSupportsIndirectInputEvents = YES;
				INFOPLIST_KEY_UILaunchStoryboardName = LaunchScreen;
				INFOPLIST_KEY_UISupportedInterfaceOrientations = UIInterfaceOrientationPortrait;
				INFOPLIST_KEY_UISupportedInterfaceOrientations_iPad = "UIInterfaceOrientationLandscapeLeft UIInterfaceOrientationLandscapeRight UIInterfaceOrientationPortrait UIInterfaceOrientationPortraitUpsideDown";
				LD_RUNPATH_SEARCH_PATHS = (
					"$(inherited)",
					"@executable_path/Frameworks",
				);
				MARKETING_VERSION = 1.0;
				PRODUCT_BUNDLE_IDENTIFIER = com.abdullaharslan.info.AppcentNewsApp;
				PRODUCT_NAME = "$(TARGET_NAME)";
				SWIFT_EMIT_LOC_STRINGS = YES;
				SWIFT_VERSION = 5.0;
				TARGETED_DEVICE_FAMILY = "1,2";
			};
			name = Debug;
		};
		F596983F2BEF6AB6000A1B19 /* Release */ = {
			isa = XCBuildConfiguration;
			buildSettings = {
				ASSETCATALOG_COMPILER_APPICON_NAME = AppIcon;
				ASSETCATALOG_COMPILER_GLOBAL_ACCENT_COLOR_NAME = AccentColor;
				CODE_SIGN_STYLE = Automatic;
				CURRENT_PROJECT_VERSION = 1;
				DEVELOPMENT_TEAM = T89868475G;
				GENERATE_INFOPLIST_FILE = YES;
				INFOPLIST_FILE = AppcentNewsApp/Info.plist;
				INFOPLIST_KEY_UIApplicationSupportsIndirectInputEvents = YES;
				INFOPLIST_KEY_UILaunchStoryboardName = LaunchScreen;
				INFOPLIST_KEY_UISupportedInterfaceOrientations = UIInterfaceOrientationPortrait;
				INFOPLIST_KEY_UISupportedInterfaceOrientations_iPad = "UIInterfaceOrientationLandscapeLeft UIInterfaceOrientationLandscapeRight UIInterfaceOrientationPortrait UIInterfaceOrientationPortraitUpsideDown";
				LD_RUNPATH_SEARCH_PATHS = (
					"$(inherited)",
					"@executable_path/Frameworks",
				);
				MARKETING_VERSION = 1.0;
				PRODUCT_BUNDLE_IDENTIFIER = com.abdullaharslan.info.AppcentNewsApp;
				PRODUCT_NAME = "$(TARGET_NAME)";
				SWIFT_EMIT_LOC_STRINGS = YES;
				SWIFT_VERSION = 5.0;
				TARGETED_DEVICE_FAMILY = "1,2";
			};
			name = Release;
		};
/* End XCBuildConfiguration section */

/* Begin XCConfigurationList section */
		F59698242BEF6AB4000A1B19 /* Build configuration list for PBXProject "AppcentNewsApp" */ = {
			isa = XCConfigurationList;
			buildConfigurations = (
				F596983B2BEF6AB6000A1B19 /* Debug */,
				F596983C2BEF6AB6000A1B19 /* Release */,
			);
			defaultConfigurationIsVisible = 0;
			defaultConfigurationName = Release;
		};
		F596983D2BEF6AB6000A1B19 /* Build configuration list for PBXNativeTarget "AppcentNewsApp" */ = {
			isa = XCConfigurationList;
			buildConfigurations = (
				F596983E2BEF6AB6000A1B19 /* Debug */,
				F596983F2BEF6AB6000A1B19 /* Release */,
			);
			defaultConfigurationIsVisible = 0;
			defaultConfigurationName = Release;
		};
/* End XCConfigurationList section */
	};
	rootObject = F59698212BEF6AB4000A1B19 /* Project object */;
}
